{
  "version": 4,
  "terraform_version": "0.12.24",
  "serial": 6,
  "lineage": "6f021c49-6d51-a91d-5851-1f187d5e86b7",
  "outputs": {
    "endpoint": {
      "value": "35.189.118.227",
      "type": "string"
    },
    "master_version": {
      "value": "1.14.10-gke.27",
      "type": "string"
    }
  },
  "resources": [
    {
      "mode": "managed",
      "type": "google_container_cluster",
      "name": "default",
      "provider": "provider.google",
      "instances": [
        {
          "schema_version": 1,
          "attributes": {
            "additional_zones": [],
            "addons_config": [
              {
                "horizontal_pod_autoscaling": [],
                "http_load_balancing": [],
                "kubernetes_dashboard": [],
                "network_policy_config": [
                  {
                    "disabled": true
                  }
                ]
              }
            ],
            "authenticator_groups_config": [],
            "cluster_autoscaling": [
              {
                "auto_provisioning_defaults": [],
                "enabled": false,
                "resource_limits": []
              }
            ],
            "cluster_ipv4_cidr": "10.36.0.0/14",
            "default_max_pods_per_node": 110,
            "description": "",
            "enable_binary_authorization": false,
            "enable_intranode_visibility": null,
            "enable_kubernetes_alpha": false,
            "enable_legacy_abac": false,
            "enable_tpu": null,
            "endpoint": "35.189.118.227",
            "id": "projects/pure-fold-266009/locations/europe-west2/clusters/petclinic",
            "initial_node_count": 2,
            "instance_group_urls": [],
            "ip_allocation_policy": [],
            "label_fingerprint": "a9dc16a7",
            "location": "europe-west2",
            "logging_service": "logging.googleapis.com/kubernetes",
            "maintenance_policy": [],
            "master_auth": [
              {
                "client_certificate": "",
                "client_certificate_config": [
                  {
                    "issue_client_certificate": false
                  }
                ],
                "client_key": "",
                "cluster_ca_certificate": "LS0tLS1CRUdJTiBDRVJUSUZJQ0FURS0tLS0tCk1JSURERENDQWZTZ0F3SUJBZ0lSQU1LNEJaYlpxWVdRYnEzTXM4alBQTll3RFFZSktvWklodmNOQVFFTEJRQXcKTHpFdE1Dc0dBMVVFQXhNa1l6RmpOV0UxWmpBdE9EWmtaQzAwWW1NMUxXSTRZVGN0T0dKaU5USmhOamd3TVRreQpNQjRYRFRJd01EUXdOekV5TURNeU5Gb1hEVEkxTURRd05qRXpNRE15TkZvd0x6RXRNQ3NHQTFVRUF4TWtZekZqCk5XRTFaakF0T0Raa1pDMDBZbU0xTFdJNFlUY3RPR0ppTlRKaE5qZ3dNVGt5TUlJQklqQU5CZ2txaGtpRzl3MEIKQVFFRkFBT0NBUThBTUlJQkNnS0NBUUVBOHZkckg5UlFxTkdyc0hmV29WcVhiNHpQNmVCZ3lNdzlmVU5JNFZ6ZQpCZVJ1VHFoYmFjZGNTcHhyOEVUblVjazFGMXhTOWxpUzF6NEdSdW5sSTE3eTRLVVYwSzVSYUdVdTI4QVRJNWV1ClYwamJES2o3K2dSOGdwcTg5RXV1ZUJ2aEJpbVF5WUJPd3Z0M1NUcGROVWJRc1dKYmcxbUlVWmVuUmc3OVpXZ0oKYkxtZU9hcGJXTGpFS2E1NkxnQUZDTzFvNXltYUc2YkRFaGZ0MVJ6YTc0cEhWRE5OT014VCtVY3RnYm9LbUlVaQp3TXZSWmtCR2xJQkdFaGFEOHFqTDdsYjNWSWZ3Q1FKcjJvVzNOdUtkY1BGL3BqWEFGdG1YRDltdmRlSXppcEF0Ck96Ti9ESzNvbG44SE9EUUQyR0F0dWRQM3lSdEhGL09PWExIV3hzMjdTZDcxK1FJREFRQUJveU13SVRBT0JnTlYKSFE4QkFmOEVCQU1DQWdRd0R3WURWUjBUQVFIL0JBVXdBd0VCL3pBTkJna3Foa2lHOXcwQkFRc0ZBQU9DQVFFQQpuQTI5RVlIUFlaVFYrbWtWQk9SYWNhd2t4T2JxelV2L1BwSHNNczNqL1ZZdGJVeDhLT040cFZwNjNaYWhlNVM0CkM3bGJQbXZzU2lja1d6MDdGZ1FWTU5YWjZYcmgrSWN0c3loczEvQm9SY3dpQlNpU1ZNdFF0KzJOUC9YZlBKOUMKeU55WktDQlhGS01qUlFkcW8rc2JaeVZhZndPcnEvbkdLTkx4bWRIVDlERmhzWHhlQ2lwcEY1bUZ6MWRoc0Q0bwpQS0N0TUI2RnhWY1RDZ01ISExvd0ZBMkJybFlvclFSMUZlaGlLQVZuK2NoSy9JZ3hHSXdWQlB6YUM5aDJGc0x1CndiMWNDN2RvUVV1WTJ6eHJWV3FDZ1RzWHlTU04zTzA2ZWRvMWhDWjUyQi9STnE4dERNZmhPRGM4Sk1aYmU3R0MKbEtXOWFiQVYwMjlNQ1ZZb09zczg1Zz09Ci0tLS0tRU5EIENFUlRJRklDQVRFLS0tLS0K",
                "password": "",
                "username": ""
              }
            ],
            "master_authorized_networks_config": [],
            "master_version": "1.14.10-gke.27",
            "min_master_version": null,
            "monitoring_service": "monitoring.googleapis.com/kubernetes",
            "name": "petclinic",
            "network": "projects/pure-fold-266009/global/networks/default",
            "network_policy": [
              {
                "enabled": false,
                "provider": "PROVIDER_UNSPECIFIED"
              }
            ],
            "node_config": [],
            "node_locations": [
              "europe-west2-a",
              "europe-west2-b",
              "europe-west2-c"
            ],
            "node_pool": [],
            "node_version": "1.14.10-gke.27",
            "operation": null,
            "pod_security_policy_config": null,
            "private_cluster_config": [],
            "project": "pure-fold-266009",
            "region": null,
            "remove_default_node_pool": true,
            "resource_labels": null,
            "resource_usage_export_config": [],
            "services_ipv4_cidr": "10.39.240.0/20",
            "subnetwork": "projects/pure-fold-266009/regions/europe-west2/subnetworks/default",
            "timeouts": null,
            "vertical_pod_autoscaling": [],
            "zone": null
          },
          "private": "eyJlMmJmYjczMC1lY2FhLTExZTYtOGY4OC0zNDM2M2JjN2M0YzAiOnsiY3JlYXRlIjoyNDAwMDAwMDAwMDAwLCJkZWxldGUiOjI0MDAwMDAwMDAwMDAsInVwZGF0ZSI6MzYwMDAwMDAwMDAwMH0sInNjaGVtYV92ZXJzaW9uIjoiMSJ9"
        }
      ]
    },
    {
      "mode": "managed",
      "type": "google_container_node_pool",
      "name": "default",
      "provider": "provider.google",
      "instances": [
        {
          "schema_version": 1,
          "attributes": {
            "autoscaling": [],
            "cluster": "petclinic",
            "id": "projects/pure-fold-266009/locations/europe-west2/clusters/petclinic/nodePools/petclinic-node-pool",
            "initial_node_count": 1,
            "instance_group_urls": [
              "https://www.googleapis.com/compute/v1/projects/pure-fold-266009/zones/europe-west2-c/instanceGroupManagers/gke-petclinic-petclinic-node-pool-cbba4e8a-grp",
              "https://www.googleapis.com/compute/v1/projects/pure-fold-266009/zones/europe-west2-b/instanceGroupManagers/gke-petclinic-petclinic-node-pool-f4dfd7c0-grp",
              "https://www.googleapis.com/compute/v1/projects/pure-fold-266009/zones/europe-west2-a/instanceGroupManagers/gke-petclinic-petclinic-node-pool-2a87f3fd-grp"
            ],
            "location": "europe-west2",
            "management": [
              {
                "auto_repair": false,
                "auto_upgrade": true
              }
            ],
            "max_pods_per_node": null,
            "name": "petclinic-node-pool",
            "name_prefix": "",
            "node_config": [
              {
                "disk_size_gb": 100,
                "disk_type": "pd-standard",
                "guest_accelerator": [],
                "image_type": "COS",
                "labels": {},
                "local_ssd_count": 0,
                "machine_type": "n1-standard-1",
                "metadata": {
                  "disable-legacy-endpoints": "true"
                },
                "min_cpu_platform": "",
                "oauth_scopes": [
                  "https://www.googleapis.com/auth/logging.write",
                  "https://www.googleapis.com/auth/monitoring"
                ],
                "preemptible": true,
                "sandbox_config": [],
                "service_account": "default",
                "shielded_instance_config": [
                  {
                    "enable_integrity_monitoring": true,
                    "enable_secure_boot": false
                  }
                ],
                "tags": null,
                "taint": [],
                "workload_metadata_config": []
              }
            ],
            "node_count": 1,
            "project": "pure-fold-266009",
            "region": null,
            "timeouts": null,
            "upgrade_settings": null,
            "version": "1.14.10-gke.27",
            "zone": null
          },
          "private": "eyJlMmJmYjczMC1lY2FhLTExZTYtOGY4OC0zNDM2M2JjN2M0YzAiOnsiY3JlYXRlIjoxODAwMDAwMDAwMDAwLCJkZWxldGUiOjE4MDAwMDAwMDAwMDAsInVwZGF0ZSI6MTgwMDAwMDAwMDAwMH0sInNjaGVtYV92ZXJzaW9uIjoiMSJ9",
          "dependencies": [
            "google_container_cluster.default"
          ]
        }
      ]
    }
  ]
}
